
Microsoft Visual Studio Solution File, Format Version 12.00
# Visual Studio Version 16
VisualStudioVersion = 16.0.31702.278
MinimumVisualStudioVersion = 10.0.40219.1
Project("{FAE04EC0-301F-11D3-BF4B-00C04F79EFBC}") = "Wordpress", "Wordpress\Wordpress.csproj", "{113B4085-6AAC-4848-9A6E-169E617C196F}"
EndProject
Global
	GlobalSection(SolutionConfigurationPlatforms) = preSolution
		Debug|Any CPU = Debug|Any CPU
		Release|Any CPU = Release|Any CPU
	EndGlobalSection
	GlobalSection(ProjectConfigurationPlatforms) = postSolution
		{113B4085-6AAC-4848-9A6E-169E617C196F}.Debug|Any CPU.ActiveCfg = Debug|Any CPU
		{113B4085-6AAC-4848-9A6E-169E617C196F}.Debug|Any CPU.Build.0 = Debug|Any CPU
		{113B4085-6AAC-4848-9A6E-169E617C196F}.Release|Any CPU.ActiveCfg = Release|Any CPU
		{113B4085-6AAC-4848-9A6E-169E617C196F}.Release|Any CPU.Build.0 = Release|Any CPU
	EndGlobalSection
	GlobalSection(SolutionProperties) = preSolution
		HideSolutionNode = FALSE
	EndGlobalSection
	GlobalSection(ExtensibilityGlobals) = postSolution
		SolutionGuid = {E48FC583-668D-480C-A7C0-B3307CB34D16}
	EndGlobalSection
EndGlobal
